
Microsoft Visual Studio Solution File, Format Version 12.00
# Visual Studio Version 16
VisualStudioVersion = 16.0.30907.101
MinimumVisualStudioVersion = 10.0.40219.1
Project("{FAE04EC0-301F-11D3-BF4B-00C04F79EFBC}") = "KTableau.DAL", "KTableau.DAL\KTableau.DAL.csproj", "{BAF97A94-FFF7-403F-B913-B38EA6F9C2B8}"
EndProject
Project("{FAE04EC0-301F-11D3-BF4B-00C04F79EFBC}") = "KTableau.DAL.Test", "KTableau.DAL.Test\KTableau.DAL.Test.csproj", "{B9B1745E-83EE-4456-BA97-AB3704BA67A4}"
EndProject
Global
	GlobalSection(SolutionConfigurationPlatforms) = preSolution
		Debug|Any CPU = Debug|Any CPU
		Release|Any CPU = Release|Any CPU
	EndGlobalSection
	GlobalSection(ProjectConfigurationPlatforms) = postSolution
		{BAF97A94-FFF7-403F-B913-B38EA6F9C2B8}.Debug|Any CPU.ActiveCfg = Debug|Any CPU
		{BAF97A94-FFF7-403F-B913-B38EA6F9C2B8}.Debug|Any CPU.Build.0 = Debug|Any CPU
		{BAF97A94-FFF7-403F-B913-B38EA6F9C2B8}.Release|Any CPU.ActiveCfg = Release|Any CPU
		{BAF97A94-FFF7-403F-B913-B38EA6F9C2B8}.Release|Any CPU.Build.0 = Release|Any CPU
		{B9B1745E-83EE-4456-BA97-AB3704BA67A4}.Debug|Any CPU.ActiveCfg = Debug|Any CPU
		{B9B1745E-83EE-4456-BA97-AB3704BA67A4}.Debug|Any CPU.Build.0 = Debug|Any CPU
		{B9B1745E-83EE-4456-BA97-AB3704BA67A4}.Release|Any CPU.ActiveCfg = Release|Any CPU
		{B9B1745E-83EE-4456-BA97-AB3704BA67A4}.Release|Any CPU.Build.0 = Release|Any CPU
	EndGlobalSection
	GlobalSection(SolutionProperties) = preSolution
		HideSolutionNode = FALSE
	EndGlobalSection
	GlobalSection(ExtensibilityGlobals) = postSolution
		SolutionGuid = {E205CD99-B896-489E-BDEB-CD2611C80CFB}
	EndGlobalSection
EndGlobal
